{
  "object": {
    "pins": [
      {
        "package": "EasyImagy",
        "repositoryURL": "https://github.com/koher/EasyImagy.git",
        "state": {
          "branch": null,
          "revision": "148d11138a4d7784e202475738d07ed622fd1c7a",
          "version": "0.5.0-alpha"
        }
      }
    ]
  },
  "version": 1
}
