{
  "object": {
    "pins": [
      {
        "package": "EasyImagy",
        "repositoryURL": "https://github.com/koher/EasyImagy.git",
        "state": {
          "branch": null,
          "revision": "aba0138d55e759386a0accb16630ebf105b18604",
          "version": "0.5.1"
        }
      }
    ]
  },
  "version": 1
}
